// !$*UTF8*$!
{
	archiveVersion = 1;
	classes = {
	};
	objectVersion = 77;
	objects = {

/* Begin PBXBuildFile section */
		C52C32182F02FC2100EC88DF /* Metal.framework in Frameworks */ = {isa = PBXBuildFile; fileRef = C52C32172F02FC2100EC88DF /* Metal.framework */; };
		C52C321A2F02FC3200EC88DF /* QuartzCore.framework in Frameworks */ = {isa = PBXBuildFile; fileRef = C52C32192F02FC3200EC88DF /* QuartzCore.framework */; };
		C52C321C2F02FC3900EC88DF /* Foundation.framework in Frameworks */ = {isa = PBXBuildFile; fileRef = C52C321B2F02FC3900EC88DF /* Foundation.framework */; };
/* End PBXBuildFile section */

/* Begin PBXCopyFilesBuildPhase section */
		C52C320A2F02FBDD00EC88DF /* CopyFiles */ = {
			isa = PBXCopyFilesBuildPhase;
			buildActionMask = 2147483647;
			dstPath = /usr/share/man/man1/;
			dstSubfolderSpec = 0;
			files = (
			);
			runOnlyForDeploymentPostprocessing = 1;
		};
/* End PBXCopyFilesBuildPhase section */

/* Begin PBXFileReference section */
		C52C320C2F02FBDD00EC88DF /* gpu_primitives */ = {isa = PBXFileReference; explicitFileType = "compiled.mach-o.executable"; includeInIndex = 0; path = gpu_primitives; sourceTree = BUILT_PRODUCTS_DIR; };
		C52C32172F02FC2100EC88DF /* Metal.framework */ = {isa = PBXFileReference; lastKnownFileType = wrapper.framework; name = Metal.framework; path = System/Library/Frameworks/Metal.framework; sourceTree = SDKROOT; };
		C52C32192F02FC3200EC88DF /* QuartzCore.framework */ = {isa = PBXFileReference; lastKnownFileType = wrapper.framework; name = QuartzCore.framework; path = System/Library/Frameworks/QuartzCore.framework; sourceTree = SDKROOT; };
		C52C321B2F02FC3900EC88DF /* Foundation.framework */ = {isa = PBXFileReference; lastKnownFileType = wrapper.framework; name = Foundation.framework; path = System/Library/Frameworks/Foundation.framework; sourceTree = SDKROOT; };
/* End PBXFileReference section */

/* Begin PBXFileSystemSynchronizedRootGroup section */
		C52C320E2F02FBDD00EC88DF /* gpu_primitives */ = {
			isa = PBXFileSystemSynchronizedRootGroup;
			path = gpu_primitives;
			sourceTree = "<group>";
		};
		C59849022F0303A30066E5FE /* metal-cpp */ = {
			isa = PBXFileSystemSynchronizedRootGroup;
			path = "metal-cpp";
			sourceTree = "<group>";
		};
/* End PBXFileSystemSynchronizedRootGroup section */

/* Begin PBXFrameworksBuildPhase section */
		C52C32092F02FBDD00EC88DF /* Frameworks */ = {
			isa = PBXFrameworksBuildPhase;
			buildActionMask = 2147483647;
			files = (
				C52C32182F02FC2100EC88DF /* Metal.framework in Frameworks */,
				C52C321C2F02FC3900EC88DF /* Foundation.framework in Frameworks */,
				C52C321A2F02FC3200EC88DF /* QuartzCore.framework in Frameworks */,
			);
			runOnlyForDeploymentPostprocessing = 0;
		};
/* End PBXFrameworksBuildPhase section */

/* Begin PBXGroup section */
		C52C32032F02FBDD00EC88DF = {
			isa = PBXGroup;
			children = (
				C59849022F0303A30066E5FE /* metal-cpp */,
				C52C320E2F02FBDD00EC88DF /* gpu_primitives */,
				C52C32162F02FC2100EC88DF /* Frameworks */,
				C52C320D2F02FBDD00EC88DF /* Products */,
			);
			sourceTree = "<group>";
		};
		C52C320D2F02FBDD00EC88DF /* Products */ = {
			isa = PBXGroup;
			children = (
				C52C320C2F02FBDD00EC88DF /* gpu_primitives */,
			);
			name = Products;
			sourceTree = "<group>";
		};
		C52C32162F02FC2100EC88DF /* Frameworks */ = {
			isa = PBXGroup;
			children = (
				C52C321B2F02FC3900EC88DF /* Foundation.framework */,
				C52C32192F02FC3200EC88DF /* QuartzCore.framework */,
				C52C32172F02FC2100EC88DF /* Metal.framework */,
			);
			name = Frameworks;
			sourceTree = "<group>";
		};
/* End PBXGroup section */

/* Begin PBXNativeTarget section */
		C52C320B2F02FBDD00EC88DF /* gpu_primitives */ = {
			isa = PBXNativeTarget;
			buildConfigurationList = C52C32132F02FBDD00EC88DF /* Build configuration list for PBXNativeTarget "gpu_primitives" */;
			buildPhases = (
				C52C32082F02FBDD00EC88DF /* Sources */,
				C52C32092F02FBDD00EC88DF /* Frameworks */,
				C52C320A2F02FBDD00EC88DF /* CopyFiles */,
			);
			buildRules = (
			);
			dependencies = (
			);
			fileSystemSynchronizedGroups = (
				C52C320E2F02FBDD00EC88DF /* gpu_primitives */,
				C59849022F0303A30066E5FE /* metal-cpp */,
			);
			name = gpu_primitives;
			packageProductDependencies = (
			);
			productName = gpu_primitives;
			productReference = C52C320C2F02FBDD00EC88DF /* gpu_primitives */;
			productType = "com.apple.product-type.tool";
		};
/* End PBXNativeTarget section */

/* Begin PBXProject section */
		C52C32042F02FBDD00EC88DF /* Project object */ = {
			isa = PBXProject;
			attributes = {
				BuildIndependentTargetsInParallel = 1;
				LastUpgradeCheck = 2600;
				TargetAttributes = {
					C52C320B2F02FBDD00EC88DF = {
						CreatedOnToolsVersion = 26.0.1;
					};
				};
			};
			buildConfigurationList = C52C32072F02FBDD00EC88DF /* Build configuration list for PBXProject "gpu_primitives" */;
			developmentRegion = en;
			hasScannedForEncodings = 0;
			knownRegions = (
				en,
				Base,
			);
			mainGroup = C52C32032F02FBDD00EC88DF;
			minimizedProjectReferenceProxies = 1;
			preferredProjectObjectVersion = 77;
			productRefGroup = C52C320D2F02FBDD00EC88DF /* Products */;
			projectDirPath = "";
			projectRoot = "";
			targets = (
				C52C320B2F02FBDD00EC88DF /* gpu_primitives */,
			);
		};
/* End PBXProject section */

/* Begin PBXSourcesBuildPhase section */
		C52C32082F02FBDD00EC88DF /* Sources */ = {
			isa = PBXSourcesBuildPhase;
			buildActionMask = 2147483647;
			files = (
			);
			runOnlyForDeploymentPostprocessing = 0;
		};
/* End PBXSourcesBuildPhase section */

/* Begin XCBuildConfiguration section */
		C52C32112F02FBDD00EC88DF /* Debug */ = {
			isa = XCBuildConfiguration;
			buildSettings = {
				ALWAYS_SEARCH_USER_PATHS = YES;
				ASSETCATALOG_COMPILER_GENERATE_SWIFT_ASSET_SYMBOL_EXTENSIONS = YES;
				CLANG_ANALYZER_NONNULL = YES;
				CLANG_ANALYZER_NUMBER_OBJECT_CONVERSION = YES_AGGRESSIVE;
				CLANG_CXX_LANGUAGE_STANDARD = "c++17";
				CLANG_ENABLE_MODULES = YES;
				CLANG_ENABLE_OBJC_ARC = YES;
				CLANG_ENABLE_OBJC_WEAK = YES;
				CLANG_WARN_BLOCK_CAPTURE_AUTORELEASING = YES;
				CLANG_WARN_BOOL_CONVERSION = YES;
				CLANG_WARN_COMMA = YES;
				CLANG_WARN_CONSTANT_CONVERSION = YES;
				CLANG_WARN_DEPRECATED_OBJC_IMPLEMENTATIONS = YES;
				CLANG_WARN_DIRECT_OBJC_ISA_USAGE = YES_ERROR;
				CLANG_WARN_DOCUMENTATION_COMMENTS = YES;
				CLANG_WARN_EMPTY_BODY = YES;
				CLANG_WARN_ENUM_CONVERSION = YES;
				CLANG_WARN_INFINITE_RECURSION = YES;
				CLANG_WARN_INT_CONVERSION = YES;
				CLANG_WARN_NON_LITERAL_NULL_CONVERSION = YES;
				CLANG_WARN_OBJC_IMPLICIT_RETAIN_SELF = YES;
				CLANG_WARN_OBJC_LITERAL_CONVERSION = YES;
				CLANG_WARN_OBJC_ROOT_CLASS = YES_ERROR;
				CLANG_WARN_QUOTED_INCLUDE_IN_FRAMEWORK_HEADER = YES;
				CLANG_WARN_RANGE_LOOP_ANALYSIS = YES;
				CLANG_WARN_STRICT_PROTOTYPES = YES;
				CLANG_WARN_SUSPICIOUS_MOVE = YES;
				CLANG_WARN_UNGUARDED_AVAILABILITY = YES_AGGRESSIVE;
				CLANG_WARN_UNREACHABLE_CODE = YES;
				CLANG_WARN__DUPLICATE_METHOD_MATCH = YES;
				COPY_PHASE_STRIP = NO;
				DEBUG_INFORMATION_FORMAT = dwarf;
				DEVELOPMENT_TEAM = J78RD5VA6M;
				ENABLE_STRICT_OBJC_MSGSEND = YES;
				ENABLE_TESTABILITY = YES;
				ENABLE_USER_SCRIPT_SANDBOXING = YES;
				GCC_C_LANGUAGE_STANDARD = gnu17;
				GCC_DYNAMIC_NO_PIC = NO;
				GCC_NO_COMMON_BLOCKS = YES;
				GCC_OPTIMIZATION_LEVEL = 0;
				GCC_PREPROCESSOR_DEFINITIONS = (
					"DEBUG=1",
					"$(inherited)",
				);
				GCC_WARN_64_TO_32_BIT_CONVERSION = YES;
				GCC_WARN_ABOUT_RETURN_TYPE = YES_ERROR;
				GCC_WARN_UNDECLARED_SELECTOR = YES;
				GCC_WARN_UNINITIALIZED_AUTOS = YES_AGGRESSIVE;
				GCC_WARN_UNUSED_FUNCTION = YES;
				GCC_WARN_UNUSED_VARIABLE = YES;
				HEADER_SEARCH_PATHS = (
					"$(PROJECT_DIR)/metal-cpp/**",
					"$(PROJECT_DIR)/metal-cpp-extensions/**",
				);
				LOCALIZATION_PREFERS_STRING_CATALOGS = YES;
				MACOSX_DEPLOYMENT_TARGET = 26.0;
				MTL_ENABLE_DEBUG_INFO = INCLUDE_SOURCE;
				MTL_ENABLE_MODULES = YES;
				MTL_FAST_MATH = YES;
				MTL_HEADER_SEARCH_PATHS = "$(PROJECT_DIR)/metal-cpp/** $(PROJECT_DIR)/metal-cpp-extensions/**";
				ONLY_ACTIVE_ARCH = YES;
				SDKROOT = macosx;
				USER_HEADER_SEARCH_PATHS = (
					"$(PROJECT_DIR)/metal-cpp/**",
					"$(PROJECT_DIR)/metal-cpp-extensions/**",
				);
			};
			name = Debug;
		};
		C52C32122F02FBDD00EC88DF /* Release */ = {
			isa = XCBuildConfiguration;
			buildSettings = {
				ALWAYS_SEARCH_USER_PATHS = YES;
				ASSETCATALOG_COMPILER_GENERATE_SWIFT_ASSET_SYMBOL_EXTENSIONS = YES;
				CLANG_ANALYZER_NONNULL = YES;
				CLANG_ANALYZER_NUMBER_OBJECT_CONVERSION = YES_AGGRESSIVE;
				CLANG_CXX_LANGUAGE_STANDARD = "c++17";
				CLANG_ENABLE_MODULES = YES;
				CLANG_ENABLE_OBJC_ARC = YES;
				CLANG_ENABLE_OBJC_WEAK = YES;
				CLANG_WARN_BLOCK_CAPTURE_AUTORELEASING = YES;
				CLANG_WARN_BOOL_CONVERSION = YES;
				CLANG_WARN_COMMA = YES;
				CLANG_WARN_CONSTANT_CONVERSION = YES;
				CLANG_WARN_DEPRECATED_OBJC_IMPLEMENTATIONS = YES;
				CLANG_WARN_DIRECT_OBJC_ISA_USAGE = YES_ERROR;
				CLANG_WARN_DOCUMENTATION_COMMENTS = YES;
				CLANG_WARN_EMPTY_BODY = YES;
				CLANG_WARN_ENUM_CONVERSION = YES;
				CLANG_WARN_INFINITE_RECURSION = YES;
				CLANG_WARN_INT_CONVERSION = YES;
				CLANG_WARN_NON_LITERAL_NULL_CONVERSION = YES;
				CLANG_WARN_OBJC_IMPLICIT_RETAIN_SELF = YES;
				CLANG_WARN_OBJC_LITERAL_CONVERSION = YES;
				CLANG_WARN_OBJC_ROOT_CLASS = YES_ERROR;
				CLANG_WARN_QUOTED_INCLUDE_IN_FRAMEWORK_HEADER = YES;
				CLANG_WARN_RANGE_LOOP_ANALYSIS = YES;
				CLANG_WARN_STRICT_PROTOTYPES = YES;
				CLANG_WARN_SUSPICIOUS_MOVE = YES;
				CLANG_WARN_UNGUARDED_AVAILABILITY = YES_AGGRESSIVE;
				CLANG_WARN_UNREACHABLE_CODE = YES;
				CLANG_WARN__DUPLICATE_METHOD_MATCH = YES;
				COPY_PHASE_STRIP = NO;
				DEBUG_INFORMATION_FORMAT = "dwarf-with-dsym";
				DEVELOPMENT_TEAM = J78RD5VA6M;
				ENABLE_NS_ASSERTIONS = NO;
				ENABLE_STRICT_OBJC_MSGSEND = YES;
				ENABLE_USER_SCRIPT_SANDBOXING = YES;
				GCC_C_LANGUAGE_STANDARD = gnu17;
				GCC_NO_COMMON_BLOCKS = YES;
				GCC_WARN_64_TO_32_BIT_CONVERSION = YES;
				GCC_WARN_ABOUT_RETURN_TYPE = YES_ERROR;
				GCC_WARN_UNDECLARED_SELECTOR = YES;
				GCC_WARN_UNINITIALIZED_AUTOS = YES_AGGRESSIVE;
				GCC_WARN_UNUSED_FUNCTION = YES;
				GCC_WARN_UNUSED_VARIABLE = YES;
				HEADER_SEARCH_PATHS = (
					"$(PROJECT_DIR)/metal-cpp/**",
					"$(PROJECT_DIR)/metal-cpp-extensions/**",
				);
				LOCALIZATION_PREFERS_STRING_CATALOGS = YES;
				MACOSX_DEPLOYMENT_TARGET = 26.0;
				MTL_ENABLE_DEBUG_INFO = NO;
				MTL_ENABLE_MODULES = YES;
				MTL_FAST_MATH = YES;
				MTL_HEADER_SEARCH_PATHS = "$(PROJECT_DIR)/metal-cpp/** $(PROJECT_DIR)/metal-cpp-extensions/**";
				SDKROOT = macosx;
				USER_HEADER_SEARCH_PATHS = (
					"$(PROJECT_DIR)/metal-cpp/**",
					"$(PROJECT_DIR)/metal-cpp-extensions/**",
				);
			};
			name = Release;
		};
		C52C32142F02FBDD00EC88DF /* Debug */ = {
			isa = XCBuildConfiguration;
			buildSettings = {
				CLANG_CXX_LANGUAGE_STANDARD = "c++17";
				CODE_SIGN_STYLE = Automatic;
				DEVELOPMENT_TEAM = J78RD5VA6M;
				ENABLE_HARDENED_RUNTIME = YES;
				HEADER_SEARCH_PATHS = (
					"$(PROJECT_DIR)/metal-cpp/**",
					"$(PROJECT_DIR)/metal-cpp-extensions/**",
				);
				MTL_ENABLE_MODULES = YES;
				MTL_HEADER_SEARCH_PATHS = "$(PROJECT_DIR)/metal-cpp/** $(PROJECT_DIR)/metal-cpp-extensions/**";
				PRODUCT_NAME = "$(TARGET_NAME)";
				USER_HEADER_SEARCH_PATHS = (
					"$(PROJECT_DIR)/metal-cpp/**",
					"$(PROJECT_DIR)/metal-cpp-extensions/**",
				);
			};
			name = Debug;
		};
		C52C32152F02FBDD00EC88DF /* Release */ = {
			isa = XCBuildConfiguration;
			buildSettings = {
				CLANG_CXX_LANGUAGE_STANDARD = "c++17";
				CODE_SIGN_STYLE = Automatic;
				DEVELOPMENT_TEAM = J78RD5VA6M;
				ENABLE_HARDENED_RUNTIME = YES;
				HEADER_SEARCH_PATHS = (
					"$(PROJECT_DIR)/metal-cpp/**",
					"$(PROJECT_DIR)/metal-cpp-extensions/**",
				);
				MTL_ENABLE_MODULES = YES;
				MTL_HEADER_SEARCH_PATHS = "$(PROJECT_DIR)/metal-cpp/** $(PROJECT_DIR)/metal-cpp-extensions/**";
				PRODUCT_NAME = "$(TARGET_NAME)";
				USER_HEADER_SEARCH_PATHS = (
					"$(PROJECT_DIR)/metal-cpp/**",
					"$(PROJECT_DIR)/metal-cpp-extensions/**",
				);
			};
			name = Release;
		};
/* End XCBuildConfiguration section */

/* Begin XCConfigurationList section */
		C52C32072F02FBDD00EC88DF /* Build configuration list for PBXProject "gpu_primitives" */ = {
			isa = XCConfigurationList;
			buildConfigurations = (
				C52C32112F02FBDD00EC88DF /* Debug */,
				C52C32122F02FBDD00EC88DF /* Release */,
			);
			defaultConfigurationIsVisible = 0;
			defaultConfigurationName = Release;
		};
		C52C32132F02FBDD00EC88DF /* Build configuration list for PBXNativeTarget "gpu_primitives" */ = {
			isa = XCConfigurationList;
			buildConfigurations = (
				C52C32142F02FBDD00EC88DF /* Debug */,
				C52C32152F02FBDD00EC88DF /* Release */,
			);
			defaultConfigurationIsVisible = 0;
			defaultConfigurationName = Release;
		};
/* End XCConfigurationList section */
	};
	rootObject = C52C32042F02FBDD00EC88DF /* Project object */;
}
